// !$*UTF8*$!
{
	archiveVersion = 1;
	classes = {
	};
	objectVersion = 46;
	objects = {

/* Begin PBXBuildFile section */
		2414EF121FB92D8500FDAE75 /* AppDelegate.swift in Sources */ = {isa = PBXBuildFile; fileRef = 2414EF111FB92D8500FDAE75 /* AppDelegate.swift */; };
		2414EF141FB92D8500FDAE75 /* ViewController.swift in Sources */ = {isa = PBXBuildFile; fileRef = 2414EF131FB92D8500FDAE75 /* ViewController.swift */; };
		2414EF171FB92D8500FDAE75 /* Main.storyboard in Resources */ = {isa = PBXBuildFile; fileRef = 2414EF151FB92D8500FDAE75 /* Main.storyboard */; };
		2414EF191FB92D8500FDAE75 /* Assets.xcassets in Resources */ = {isa = PBXBuildFile; fileRef = 2414EF181FB92D8500FDAE75 /* Assets.xcassets */; };
		2414EF1C1FB92D8500FDAE75 /* LaunchScreen.storyboard in Resources */ = {isa = PBXBuildFile; fileRef = 2414EF1A1FB92D8500FDAE75 /* LaunchScreen.storyboard */; };
/* End PBXBuildFile section */

/* Begin PBXFileReference section */
		2414EF0E1FB92D8500FDAE75 /* Arrays.app */ = {isa = PBXFileReference; explicitFileType = wrapper.application; includeInIndex = 0; path = Arrays.app; sourceTree = BUILT_PRODUCTS_DIR; };
		2414EF111FB92D8500FDAE75 /* AppDelegate.swift */ = {isa = PBXFileReference; lastKnownFileType = sourcecode.swift; path = AppDelegate.swift; sourceTree = "<group>"; };
		2414EF131FB92D8500FDAE75 /* ViewController.swift */ = {isa = PBXFileReference; lastKnownFileType = sourcecode.swift; path = ViewController.swift; sourceTree = "<group>"; };
		2414EF161FB92D8500FDAE75 /* Base */ = {isa = PBXFileReference; lastKnownFileType = file.storyboard; name = Base; path = Base.lproj/Main.storyboard; sourceTree = "<group>"; };
		2414EF181FB92D8500FDAE75 /* Assets.xcassets */ = {isa = PBXFileReference; lastKnownFileType = folder.assetcatalog; path = Assets.xcassets; sourceTree = "<group>"; };
		2414EF1B1FB92D8500FDAE75 /* Base */ = {isa = PBXFileReference; lastKnownFileType = file.storyboard; name = Base; path = Base.lproj/LaunchScreen.storyboard; sourceTree = "<group>"; };
		2414EF1D1FB92D8500FDAE75 /* Info.plist */ = {isa = PBXFileReference; lastKnownFileType = text.plist.xml; path = Info.plist; sourceTree = "<group>"; };
/* End PBXFileReference section */

/* Begin PBXFrameworksBuildPhase section */
		2414EF0B1FB92D8500FDAE75 /* Frameworks */ = {
			isa = PBXFrameworksBuildPhase;
			buildActionMask = 2147483647;
			files = (
			);
			runOnlyForDeploymentPostprocessing = 0;
		};
/* End PBXFrameworksBuildPhase section */

/* Begin PBXGroup section */
		2414EF051FB92D8500FDAE75 = {
			isa = PBXGroup;
			children = (
				2414EF101FB92D8500FDAE75 /* Arrays */,
				2414EF0F1FB92D8500FDAE75 /* Products */,
			);
			sourceTree = "<group>";
		};
		2414EF0F1FB92D8500FDAE75 /* Products */ = {
			isa = PBXGroup;
			children = (
				2414EF0E1FB92D8500FDAE75 /* Arrays.app */,
			);
			name = Products;
			sourceTree = "<group>";
		};
		2414EF101FB92D8500FDAE75 /* Arrays */ = {
			isa = PBXGroup;
			children = (
				2414EF111FB92D8500FDAE75 /* AppDelegate.swift */,
				2414EF131FB92D8500FDAE75 /* ViewController.swift */,
				2414EF151FB92D8500FDAE75 /* Main.storyboard */,
				2414EF181FB92D8500FDAE75 /* Assets.xcassets */,
				2414EF1A1FB92D8500FDAE75 /* LaunchScreen.storyboard */,
				2414EF1D1FB92D8500FDAE75 /* Info.plist */,
			);
			path = Arrays;
			sourceTree = "<group>";
		};
/* End PBXGroup section */

/* Begin PBXNativeTarget section */
		2414EF0D1FB92D8500FDAE75 /* Arrays */ = {
			isa = PBXNativeTarget;
			buildConfigurationList = 2414EF201FB92D8500FDAE75 /* Build configuration list for PBXNativeTarget "Arrays" */;
			buildPhases = (
				2414EF0A1FB92D8500FDAE75 /* Sources */,
				2414EF0B1FB92D8500FDAE75 /* Frameworks */,
				2414EF0C1FB92D8500FDAE75 /* Resources */,
			);
			buildRules = (
			);
			dependencies = (
			);
			name = Arrays;
			productName = Arrays;
			productReference = 2414EF0E1FB92D8500FDAE75 /* Arrays.app */;
			productType = "com.apple.product-type.application";
		};
/* End PBXNativeTarget section */

/* Begin PBXProject section */
		2414EF061FB92D8500FDAE75 /* Project object */ = {
			isa = PBXProject;
			attributes = {
				LastSwiftUpdateCheck = 0720;
				LastUpgradeCheck = 0720;
				ORGANIZATIONNAME = "Ganesh Prabu";
				TargetAttributes = {
					2414EF0D1FB92D8500FDAE75 = {
						CreatedOnToolsVersion = 7.2.1;
					};
				};
			};
			buildConfigurationList = 2414EF091FB92D8500FDAE75 /* Build configuration list for PBXProject "Arrays" */;
			compatibilityVersion = "Xcode 3.2";
			developmentRegion = English;
			hasScannedForEncodings = 0;
			knownRegions = (
				en,
				Base,
			);
			mainGroup = 2414EF051FB92D8500FDAE75;
			productRefGroup = 2414EF0F1FB92D8500FDAE75 /* Products */;
			projectDirPath = "";
			projectRoot = "";
			targets = (
				2414EF0D1FB92D8500FDAE75 /* Arrays */,
			);
		};
/* End PBXProject section */

/* Begin PBXResourcesBuildPhase section */
		2414EF0C1FB92D8500FDAE75 /* Resources */ = {
			isa = PBXResourcesBuildPhase;
			buildActionMask = 2147483647;
			files = (
				2414EF1C1FB92D8500FDAE75 /* LaunchScreen.storyboard in Resources */,
				2414EF191FB92D8500FDAE75 /* Assets.xcassets in Resources */,
				2414EF171FB92D8500FDAE75 /* Main.storyboard in Resources */,
			);
			runOnlyForDeploymentPostprocessing = 0;
		};
/* End PBXResourcesBuildPhase section */

/* Begin PBXSourcesBuildPhase section */
		2414EF0A1FB92D8500FDAE75 /* Sources */ = {
			isa = PBXSourcesBuildPhase;
			buildActionMask = 2147483647;
			files = (
				2414EF141FB92D8500FDAE75 /* ViewController.swift in Sources */,
				2414EF121FB92D8500FDAE75 /* AppDelegate.swift in Sources */,
			);
			runOnlyForDeploymentPostprocessing = 0;
		};
/* End PBXSourcesBuildPhase section */

/* Begin PBXVariantGroup section */
		2414EF151FB92D8500FDAE75 /* Main.storyboard */ = {
			isa = PBXVariantGroup;
			children = (
				2414EF161FB92D8500FDAE75 /* Base */,
			);
			name = Main.storyboard;
			sourceTree = "<group>";
		};
		2414EF1A1FB92D8500FDAE75 /* LaunchScreen.storyboard */ = {
			isa = PBXVariantGroup;
			children = (
				2414EF1B1FB92D8500FDAE75 /* Base */,
			);
			name = LaunchScreen.storyboard;
			sourceTree = "<group>";
		};
/* End PBXVariantGroup section */

/* Begin XCBuildConfiguration section */
		2414EF1E1FB92D8500FDAE75 /* Debug */ = {
			isa = XCBuildConfiguration;
			buildSettings = {
				ALWAYS_SEARCH_USER_PATHS = NO;
				CLANG_CXX_LANGUAGE_STANDARD = "gnu++0x";
				CLANG_CXX_LIBRARY = "libc++";
				CLANG_ENABLE_MODULES = YES;
				CLANG_ENABLE_OBJC_ARC = YES;
				CLANG_WARN_BOOL_CONVERSION = YES;
				CLANG_WARN_CONSTANT_CONVERSION = YES;
				CLANG_WARN_DIRECT_OBJC_ISA_USAGE = YES_ERROR;
				CLANG_WARN_EMPTY_BODY = YES;
				CLANG_WARN_ENUM_CONVERSION = YES;
				CLANG_WARN_INT_CONVERSION = YES;
				CLANG_WARN_OBJC_ROOT_CLASS = YES_ERROR;
				CLANG_WARN_UNREACHABLE_CODE = YES;
				CLANG_WARN__DUPLICATE_METHOD_MATCH = YES;
				"CODE_SIGN_IDENTITY[sdk=iphoneos*]" = "iPhone Developer";
				COPY_PHASE_STRIP = NO;
				DEBUG_INFORMATION_FORMAT = dwarf;
				ENABLE_STRICT_OBJC_MSGSEND = YES;
				ENABLE_TESTABILITY = YES;
				GCC_C_LANGUAGE_STANDARD = gnu99;
				GCC_DYNAMIC_NO_PIC = NO;
				GCC_NO_COMMON_BLOCKS = YES;
				GCC_OPTIMIZATION_LEVEL = 0;
				GCC_PREPROCESSOR_DEFINITIONS = (
					"DEBUG=1",
					"$(inherited)",
				);
				GCC_WARN_64_TO_32_BIT_CONVERSION = YES;
				GCC_WARN_ABOUT_RETURN_TYPE = YES_ERROR;
				GCC_WARN_UNDECLARED_SELECTOR = YES;
				GCC_WARN_UNINITIALIZED_AUTOS = YES_AGGRESSIVE;
				GCC_WARN_UNUSED_FUNCTION = YES;
				GCC_WARN_UNUSED_VARIABLE = YES;
				IPHONEOS_DEPLOYMENT_TARGET = 9.2;
				MTL_ENABLE_DEBUG_INFO = YES;
				ONLY_ACTIVE_ARCH = YES;
				SDKROOT = iphoneos;
				SWIFT_OPTIMIZATION_LEVEL = "-Onone";
				TARGETED_DEVICE_FAMILY = "1,2";
			};
			name = Debug;
		};
		2414EF1F1FB92D8500FDAE75 /* Release */ = {
			isa = XCBuildConfiguration;
			buildSettings = {
				ALWAYS_SEARCH_USER_PATHS = NO;
				CLANG_CXX_LANGUAGE_STANDARD = "gnu++0x";
				CLANG_CXX_LIBRARY = "libc++";
				CLANG_ENABLE_MODULES = YES;
				CLANG_ENABLE_OBJC_ARC = YES;
				CLANG_WARN_BOOL_CONVERSION = YES;
				CLANG_WARN_CONSTANT_CONVERSION = YES;
				CLANG_WARN_DIRECT_OBJC_ISA_USAGE = YES_ERROR;
				CLANG_WARN_EMPTY_BODY = YES;
				CLANG_WARN_ENUM_CONVERSION = YES;
				CLANG_WARN_INT_CONVERSION = YES;
				CLANG_WARN_OBJC_ROOT_CLASS = YES_ERROR;
				CLANG_WARN_UNREACHABLE_CODE = YES;
				CLANG_WARN__DUPLICATE_METHOD_MATCH = YES;
				"CODE_SIGN_IDENTITY[sdk=iphoneos*]" = "iPhone Developer";
				COPY_PHASE_STRIP = NO;
				DEBUG_INFORMATION_FORMAT = "dwarf-with-dsym";
				ENABLE_NS_ASSERTIONS = NO;
				ENABLE_STRICT_OBJC_MSGSEND = YES;
				GCC_C_LANGUAGE_STANDARD = gnu99;
				GCC_NO_COMMON_BLOCKS = YES;
				GCC_WARN_64_TO_32_BIT_CONVERSION = YES;
				GCC_WARN_ABOUT_RETURN_TYPE = YES_ERROR;
				GCC_WARN_UNDECLARED_SELECTOR = YES;
				GCC_WARN_UNINITIALIZED_AUTOS = YES_AGGRESSIVE;
				GCC_WARN_UNUSED_FUNCTION = YES;
				GCC_WARN_UNUSED_VARIABLE = YES;
				IPHONEOS_DEPLOYMENT_TARGET = 9.2;
				MTL_ENABLE_DEBUG_INFO = NO;
				SDKROOT = iphoneos;
				TARGETED_DEVICE_FAMILY = "1,2";
				VALIDATE_PRODUCT = YES;
			};
			name = Release;
		};
		2414EF211FB92D8500FDAE75 /* Debug */ = {
			isa = XCBuildConfiguration;
			buildSettings = {
				ASSETCATALOG_COMPILER_APPICON_NAME = AppIcon;
				INFOPLIST_FILE = Arrays/Info.plist;
				LD_RUNPATH_SEARCH_PATHS = "$(inherited) @executable_path/Frameworks";
				PRODUCT_BUNDLE_IDENTIFIER = com.gpjai.Arrays;
				PRODUCT_NAME = "$(TARGET_NAME)";
			};
			name = Debug;
		};
		2414EF221FB92D8500FDAE75 /* Release */ = {
			isa = XCBuildConfiguration;
			buildSettings = {
				ASSETCATALOG_COMPILER_APPICON_NAME = AppIcon;
				INFOPLIST_FILE = Arrays/Info.plist;
				LD_RUNPATH_SEARCH_PATHS = "$(inherited) @executable_path/Frameworks";
				PRODUCT_BUNDLE_IDENTIFIER = com.gpjai.Arrays;
				PRODUCT_NAME = "$(TARGET_NAME)";
			};
			name = Release;
		};
/* End XCBuildConfiguration section */

/* Begin XCConfigurationList section */
		2414EF091FB92D8500FDAE75 /* Build configuration list for PBXProject "Arrays" */ = {
			isa = XCConfigurationList;
			buildConfigurations = (
				2414EF1E1FB92D8500FDAE75 /* Debug */,
				2414EF1F1FB92D8500FDAE75 /* Release */,
			);
			defaultConfigurationIsVisible = 0;
			defaultConfigurationName = Release;
		};
		2414EF201FB92D8500FDAE75 /* Build configuration list for PBXNativeTarget "Arrays" */ = {
			isa = XCConfigurationList;
			buildConfigurations = (
				2414EF211FB92D8500FDAE75 /* Debug */,
				2414EF221FB92D8500FDAE75 /* Release */,
			);
			defaultConfigurationIsVisible = 0;
		};
/* End XCConfigurationList section */
	};
	rootObject = 2414EF061FB92D8500FDAE75 /* Project object */;
}
